
Microsoft Visual Studio Solution File, Format Version 12.00
# Visual Studio 15
VisualStudioVersion = 15.0.27428.2043
MinimumVisualStudioVersion = 10.0.40219.1
Project("{FAE04EC0-301F-11D3-BF4B-00C04F79EFBC}") = "AdvancedAlgorithms", "AdvancedAlgorithms\AdvancedAlgorithms.csproj", "{121EECCF-13ED-453D-BD68-02A214A139B3}"
EndProject
Global
	GlobalSection(SolutionConfigurationPlatforms) = preSolution
		Debug|Any CPU = Debug|Any CPU
		Release|Any CPU = Release|Any CPU
	EndGlobalSection
	GlobalSection(ProjectConfigurationPlatforms) = postSolution
		{121EECCF-13ED-453D-BD68-02A214A139B3}.Debug|Any CPU.ActiveCfg = Debug|Any CPU
		{121EECCF-13ED-453D-BD68-02A214A139B3}.Debug|Any CPU.Build.0 = Debug|Any CPU
		{121EECCF-13ED-453D-BD68-02A214A139B3}.Release|Any CPU.ActiveCfg = Release|Any CPU
		{121EECCF-13ED-453D-BD68-02A214A139B3}.Release|Any CPU.Build.0 = Release|Any CPU
	EndGlobalSection
	GlobalSection(SolutionProperties) = preSolution
		HideSolutionNode = FALSE
	EndGlobalSection
	GlobalSection(ExtensibilityGlobals) = postSolution
		SolutionGuid = {CB5DFF01-C72D-46E7-904D-B4790BE942C9}
	EndGlobalSection
EndGlobal
